
Microsoft Visual Studio Solution File, Format Version 12.00
# Visual Studio Version 17
VisualStudioVersion = 17.14.36301.6 d17.14
MinimumVisualStudioVersion = 10.0.40219.1
Project("{FAE04EC0-301F-11D3-BF4B-00C04F79EFBC}") = "employeeClassProgram", "employeeClassProgram\employeeClassProgram.csproj", "{0D7E8E49-F950-4347-92E7-6B33B771E1E7}"
EndProject
Global
	GlobalSection(SolutionConfigurationPlatforms) = preSolution
		Debug|Any CPU = Debug|Any CPU
		Release|Any CPU = Release|Any CPU
	EndGlobalSection
	GlobalSection(ProjectConfigurationPlatforms) = postSolution
		{0D7E8E49-F950-4347-92E7-6B33B771E1E7}.Debug|Any CPU.ActiveCfg = Debug|Any CPU
		{0D7E8E49-F950-4347-92E7-6B33B771E1E7}.Debug|Any CPU.Build.0 = Debug|Any CPU
		{0D7E8E49-F950-4347-92E7-6B33B771E1E7}.Release|Any CPU.ActiveCfg = Release|Any CPU
		{0D7E8E49-F950-4347-92E7-6B33B771E1E7}.Release|Any CPU.Build.0 = Release|Any CPU
	EndGlobalSection
	GlobalSection(SolutionProperties) = preSolution
		HideSolutionNode = FALSE
	EndGlobalSection
	GlobalSection(ExtensibilityGlobals) = postSolution
		SolutionGuid = {C8B54161-7E99-42E4-A637-C02FE8B47BC5}
	EndGlobalSection
EndGlobal
